
Microsoft Visual Studio Solution File, Format Version 12.00
# Visual Studio Version 17
VisualStudioVersion = 17.14.36414.22 d17.14
MinimumVisualStudioVersion = 10.0.40219.1
Project("{FAE04EC0-301F-11D3-BF4B-00C04F79EFBC}") = "RKClassesApi", "RKClassesApi.csproj", "{0A326DB9-070C-4ED2-AD72-7A1C2C8F4458}"
EndProject
Global
	GlobalSection(SolutionConfigurationPlatforms) = preSolution
		Debug|Any CPU = Debug|Any CPU
		Release|Any CPU = Release|Any CPU
	EndGlobalSection
	GlobalSection(ProjectConfigurationPlatforms) = postSolution
		{0A326DB9-070C-4ED2-AD72-7A1C2C8F4458}.Debug|Any CPU.ActiveCfg = Debug|Any CPU
		{0A326DB9-070C-4ED2-AD72-7A1C2C8F4458}.Debug|Any CPU.Build.0 = Debug|Any CPU
		{0A326DB9-070C-4ED2-AD72-7A1C2C8F4458}.Release|Any CPU.ActiveCfg = Release|Any CPU
		{0A326DB9-070C-4ED2-AD72-7A1C2C8F4458}.Release|Any CPU.Build.0 = Release|Any CPU
	EndGlobalSection
	GlobalSection(SolutionProperties) = preSolution
		HideSolutionNode = FALSE
	EndGlobalSection
	GlobalSection(ExtensibilityGlobals) = postSolution
		SolutionGuid = {1FB3FFA3-3D7B-4E40-9BCA-09E9CBEC9231}
	EndGlobalSection
EndGlobal
